Microsoft Visual Studio Solution File, Format Version 12.00
# Visual Studio Version 16
VisualStudioVersion = 16.0.29905.134
MinimumVisualStudioVersion = 10.0.40219.1
Project("{8BC9CEB8-8B4A-11D0-8D11-00A0C91BC942}") = "CPP108Midterm01", "CPP108Midterm01\CPP108Midterm01.vcxproj", "{06F4DF36-2F6A-447C-B6DC-E46D4889C9D9}"
EndProject
Project("{8BC9CEB8-8B4A-11D0-8D11-00A0C91BC942}") = "CPP108Midterm02", "CPP108Midterm02\CPP108Midterm02.vcxproj", "{404393F0-3D1F-4572-8C6F-51F42E5A1B93}"
EndProject
Project("{8BC9CEB8-8B4A-11D0-8D11-00A0C91BC942}") = "CPP108Midterm04", "CPP108Midterm04\CPP108Midterm04.vcxproj", "{C46E577E-F222-4799-8727-4E68CF213070}"
EndProject
Project("{8BC9CEB8-8B4A-11D0-8D11-00A0C91BC942}") = "CPP108Midterm05", "CPP108Midterm05\CPP108Midterm05.vcxproj", "{7F65F541-24BD-4146-B904-C13127E19C0A}"
EndProject
Project("{8BC9CEB8-8B4A-11D0-8D11-00A0C91BC942}") = "CPP108Miterm06", "CPP108Miterm06\CPP108Miterm06.vcxproj", "{9BAB1456-52F4-430C-B139-8D758F3C83D2}"
EndProject
Project("{8BC9CEB8-8B4A-11D0-8D11-00A0C91BC942}") = "CPP108Midterm03", "CPP108Midterm03\CPP108Midterm03.vcxproj", "{6A5C7CB5-9172-4B46-AAC3-1D6B865ECD26}"
EndProject
Global
	GlobalSection(SolutionConfigurationPlatforms) = preSolution
		Debug|x64 = Debug|x64
		Debug|x86 = Debug|x86
		Release|x64 = Release|x64
		Release|x86 = Release|x86
	EndGlobalSection
	GlobalSection(ProjectConfigurationPlatforms) = postSolution
		{0737EFC9-3A0D-4E35-9107-926DECBC61CE}.Debug|x64.ActiveCfg = Debug|x64
		{0737EFC9-3A0D-4E35-9107-926DECBC61CE}.Debug|x64.Build.0 = Debug|x64
		{0737EFC9-3A0D-4E35-9107-926DECBC61CE}.Debug|x86.ActiveCfg = Debug|Win32
		{0737EFC9-3A0D-4E35-9107-926DECBC61CE}.Debug|x86.Build.0 = Debug|Win32
		{0737EFC9-3A0D-4E35-9107-926DECBC61CE}.Release|x64.ActiveCfg = Release|x64
		{0737EFC9-3A0D-4E35-9107-926DECBC61CE}.Release|x64.Build.0 = Release|x64
		{0737EFC9-3A0D-4E35-9107-926DECBC61CE}.Release|x86.ActiveCfg = Release|Win32
		{0737EFC9-3A0D-4E35-9107-926DECBC61CE}.Release|x86.Build.0 = Release|Win32
		{22C29005-8306-4599-9F81-367FBD50A807}.Debug|x64.ActiveCfg = Debug|x64
		{22C29005-8306-4599-9F81-367FBD50A807}.Debug|x64.Build.0 = Debug|x64
		{22C29005-8306-4599-9F81-367FBD50A807}.Debug|x86.ActiveCfg = Debug|Win32
		{22C29005-8306-4599-9F81-367FBD50A807}.Debug|x86.Build.0 = Debug|Win32
		{22C29005-8306-4599-9F81-367FBD50A807}.Release|x64.ActiveCfg = Release|x64
		{22C29005-8306-4599-9F81-367FBD50A807}.Release|x64.Build.0 = Release|x64
		{22C29005-8306-4599-9F81-367FBD50A807}.Release|x86.ActiveCfg = Release|Win32
		{22C29005-8306-4599-9F81-367FBD50A807}.Release|x86.Build.0 = Release|Win32
	EndGlobalSection
	GlobalSection(SolutionProperties) = preSolution
		HideSolutionNode = FALSE
	EndGlobalSection
	GlobalSection(ExtensibilityGlobals) = postSolution
		SolutionGuid = {2429CD03-F895-4B40-B296-39727358B6C1}
	EndGlobalSection
EndGlobal